
Microsoft Visual Studio Solution File, Format Version 12.00
# Visual Studio Version 17
VisualStudioVersion = 17.4.33213.308
MinimumVisualStudioVersion = 10.0.40219.1
Project("{FAE04EC0-301F-11D3-BF4B-00C04F79EFBC}") = "ChilliScreenSaver", "ChilliScreenSaver.csproj", "{48C8CA0C-6438-4895-95A6-58482606C524}"
EndProject
Global
	GlobalSection(SolutionConfigurationPlatforms) = preSolution
		Debug|Any CPU = Debug|Any CPU
		Release|Any CPU = Release|Any CPU
	EndGlobalSection
	GlobalSection(ProjectConfigurationPlatforms) = postSolution
		{48C8CA0C-6438-4895-95A6-58482606C524}.Debug|Any CPU.ActiveCfg = Debug|Any CPU
		{48C8CA0C-6438-4895-95A6-58482606C524}.Debug|Any CPU.Build.0 = Debug|Any CPU
		{48C8CA0C-6438-4895-95A6-58482606C524}.Release|Any CPU.ActiveCfg = Release|Any CPU
		{48C8CA0C-6438-4895-95A6-58482606C524}.Release|Any CPU.Build.0 = Release|Any CPU
	EndGlobalSection
	GlobalSection(SolutionProperties) = preSolution
		HideSolutionNode = FALSE
	EndGlobalSection
	GlobalSection(ExtensibilityGlobals) = postSolution
		SolutionGuid = {9063B57D-0D15-429F-8938-FAA0B5B97F93}
	EndGlobalSection
EndGlobal
